PODS:
  - NMapsMap (3.14.0)
  - SwiftLint (0.44.0)
  - Then (2.7.0)

DEPENDENCIES:
  - NMapsMap
  - SwiftLint
  - Then

SPEC REPOS:
  trunk:
    - NMapsMap
    - SwiftLint
    - Then

SPEC CHECKSUMS:
  NMapsMap: 61c2abfc409bbcdc91583ccc455a5b6f64c7414e
  SwiftLint: e96c0a8c770c7ebbc4d36c55baf9096bb65c4584
  Then: acfe0be7e98221c6204e12f8161459606d5d822d

PODFILE CHECKSUM: dbc6d72d44458987dbc55a97ae8f0dcc3500f765

COCOAPODS: 1.10.1
